
Microsoft Visual Studio Solution File, Format Version 12.00
# Visual Studio 14
VisualStudioVersion = 14.0.24720.0
MinimumVisualStudioVersion = 10.0.40219.1
Project("{FAE04EC0-301F-11D3-BF4B-00C04F79EFBC}") = "SAP.Web", "SAP.Web\SAP.Web.csproj", "{2860A1D5-BE8D-463A-BC4D-9FBAEE55CB9B}"
EndProject
Project("{FAE04EC0-301F-11D3-BF4B-00C04F79EFBC}") = "SAP.BOL", "SAP.BOL\SAP.BOL.csproj", "{0C8EC392-D3EC-43DD-8188-401823220E9D}"
EndProject
Project("{FAE04EC0-301F-11D3-BF4B-00C04F79EFBC}") = "SAP.DAL", "SAP.DAL\SAP.DAL.csproj", "{D950B3B5-63A5-4934-82BB-E80521D8A8D2}"
EndProject
Global
	GlobalSection(SubversionScc) = preSolution
		Svn-Managed = True
		Manager = AnkhSVN - Subversion Support for Visual Studio
	EndGlobalSection
	GlobalSection(SolutionConfigurationPlatforms) = preSolution
		Debug|Any CPU = Debug|Any CPU
		Release|Any CPU = Release|Any CPU
	EndGlobalSection
	GlobalSection(ProjectConfigurationPlatforms) = postSolution
		{2860A1D5-BE8D-463A-BC4D-9FBAEE55CB9B}.Debug|Any CPU.ActiveCfg = Debug|Any CPU
		{2860A1D5-BE8D-463A-BC4D-9FBAEE55CB9B}.Debug|Any CPU.Build.0 = Debug|Any CPU
		{2860A1D5-BE8D-463A-BC4D-9FBAEE55CB9B}.Release|Any CPU.ActiveCfg = Release|Any CPU
		{2860A1D5-BE8D-463A-BC4D-9FBAEE55CB9B}.Release|Any CPU.Build.0 = Release|Any CPU
		{0C8EC392-D3EC-43DD-8188-401823220E9D}.Debug|Any CPU.ActiveCfg = Debug|Any CPU
		{0C8EC392-D3EC-43DD-8188-401823220E9D}.Debug|Any CPU.Build.0 = Debug|Any CPU
		{0C8EC392-D3EC-43DD-8188-401823220E9D}.Release|Any CPU.ActiveCfg = Release|Any CPU
		{0C8EC392-D3EC-43DD-8188-401823220E9D}.Release|Any CPU.Build.0 = Release|Any CPU
		{D950B3B5-63A5-4934-82BB-E80521D8A8D2}.Debug|Any CPU.ActiveCfg = Debug|Any CPU
		{D950B3B5-63A5-4934-82BB-E80521D8A8D2}.Debug|Any CPU.Build.0 = Debug|Any CPU
		{D950B3B5-63A5-4934-82BB-E80521D8A8D2}.Release|Any CPU.ActiveCfg = Release|Any CPU
		{D950B3B5-63A5-4934-82BB-E80521D8A8D2}.Release|Any CPU.Build.0 = Release|Any CPU
	EndGlobalSection
	GlobalSection(SolutionProperties) = preSolution
		HideSolutionNode = FALSE
	EndGlobalSection
EndGlobal
